// !$*UTF8*$!
{
	archiveVersion = 1;
	classes = {
	};
	objectVersion = 50;
	objects = {

/* Begin PBXBuildFile section */
		7D5EF3F921112AFC00D57C86 /* AppDelegate.swift in Sources */ = {isa = PBXBuildFile; fileRef = 7D5EF3F821112AFC00D57C86 /* AppDelegate.swift */; };
		7D5EF3FB21112AFC00D57C86 /* ViewController.swift in Sources */ = {isa = PBXBuildFile; fileRef = 7D5EF3FA21112AFC00D57C86 /* ViewController.swift */; };
		7D5EF3FE21112AFC00D57C86 /* Main.storyboard in Resources */ = {isa = PBXBuildFile; fileRef = 7D5EF3FC21112AFC00D57C86 /* Main.storyboard */; };
		7D5EF40021112AFE00D57C86 /* Assets.xcassets in Resources */ = {isa = PBXBuildFile; fileRef = 7D5EF3FF21112AFE00D57C86 /* Assets.xcassets */; };
		7D5EF40321112AFE00D57C86 /* LaunchScreen.storyboard in Resources */ = {isa = PBXBuildFile; fileRef = 7D5EF40121112AFE00D57C86 /* LaunchScreen.storyboard */; };
		7D5EF40E21112AFF00D57C86 /* FlixTests.swift in Sources */ = {isa = PBXBuildFile; fileRef = 7D5EF40D21112AFF00D57C86 /* FlixTests.swift */; };
		7D5EF41921112AFF00D57C86 /* FlixUITests.swift in Sources */ = {isa = PBXBuildFile; fileRef = 7D5EF41821112AFF00D57C86 /* FlixUITests.swift */; };
/* End PBXBuildFile section */

/* Begin PBXContainerItemProxy section */
		7D5EF40A21112AFF00D57C86 /* PBXContainerItemProxy */ = {
			isa = PBXContainerItemProxy;
			containerPortal = 7D5EF3ED21112AFB00D57C86 /* Project object */;
			proxyType = 1;
			remoteGlobalIDString = 7D5EF3F421112AFB00D57C86;
			remoteInfo = Flix;
		};
		7D5EF41521112AFF00D57C86 /* PBXContainerItemProxy */ = {
			isa = PBXContainerItemProxy;
			containerPortal = 7D5EF3ED21112AFB00D57C86 /* Project object */;
			proxyType = 1;
			remoteGlobalIDString = 7D5EF3F421112AFB00D57C86;
			remoteInfo = Flix;
		};
/* End PBXContainerItemProxy section */

/* Begin PBXFileReference section */
		7D5EF3F521112AFB00D57C86 /* Flix.app */ = {isa = PBXFileReference; explicitFileType = wrapper.application; includeInIndex = 0; path = Flix.app; sourceTree = BUILT_PRODUCTS_DIR; };
		7D5EF3F821112AFC00D57C86 /* AppDelegate.swift */ = {isa = PBXFileReference; lastKnownFileType = sourcecode.swift; path = AppDelegate.swift; sourceTree = "<group>"; };
		7D5EF3FA21112AFC00D57C86 /* ViewController.swift */ = {isa = PBXFileReference; lastKnownFileType = sourcecode.swift; path = ViewController.swift; sourceTree = "<group>"; };
		7D5EF3FD21112AFC00D57C86 /* Base */ = {isa = PBXFileReference; lastKnownFileType = file.storyboard; name = Base; path = Base.lproj/Main.storyboard; sourceTree = "<group>"; };
		7D5EF3FF21112AFE00D57C86 /* Assets.xcassets */ = {isa = PBXFileReference; lastKnownFileType = folder.assetcatalog; path = Assets.xcassets; sourceTree = "<group>"; };
		7D5EF40221112AFE00D57C86 /* Base */ = {isa = PBXFileReference; lastKnownFileType = file.storyboard; name = Base; path = Base.lproj/LaunchScreen.storyboard; sourceTree = "<group>"; };
		7D5EF40421112AFF00D57C86 /* Info.plist */ = {isa = PBXFileReference; lastKnownFileType = text.plist.xml; path = Info.plist; sourceTree = "<group>"; };
		7D5EF40921112AFF00D57C86 /* FlixTests.xctest */ = {isa = PBXFileReference; explicitFileType = wrapper.cfbundle; includeInIndex = 0; path = FlixTests.xctest; sourceTree = BUILT_PRODUCTS_DIR; };
		7D5EF40D21112AFF00D57C86 /* FlixTests.swift */ = {isa = PBXFileReference; lastKnownFileType = sourcecode.swift; path = FlixTests.swift; sourceTree = "<group>"; };
		7D5EF40F21112AFF00D57C86 /* Info.plist */ = {isa = PBXFileReference; lastKnownFileType = text.plist.xml; path = Info.plist; sourceTree = "<group>"; };
		7D5EF41421112AFF00D57C86 /* FlixUITests.xctest */ = {isa = PBXFileReference; explicitFileType = wrapper.cfbundle; includeInIndex = 0; path = FlixUITests.xctest; sourceTree = BUILT_PRODUCTS_DIR; };
		7D5EF41821112AFF00D57C86 /* FlixUITests.swift */ = {isa = PBXFileReference; lastKnownFileType = sourcecode.swift; path = FlixUITests.swift; sourceTree = "<group>"; };
		7D5EF41A21112AFF00D57C86 /* Info.plist */ = {isa = PBXFileReference; lastKnownFileType = text.plist.xml; path = Info.plist; sourceTree = "<group>"; };
/* End PBXFileReference section */

/* Begin PBXFrameworksBuildPhase section */
		7D5EF3F221112AFB00D57C86 /* Frameworks */ = {
			isa = PBXFrameworksBuildPhase;
			buildActionMask = 2147483647;
			files = (
			);
			runOnlyForDeploymentPostprocessing = 0;
		};
		7D5EF40621112AFF00D57C86 /* Frameworks */ = {
			isa = PBXFrameworksBuildPhase;
			buildActionMask = 2147483647;
			files = (
			);
			runOnlyForDeploymentPostprocessing = 0;
		};
		7D5EF41121112AFF00D57C86 /* Frameworks */ = {
			isa = PBXFrameworksBuildPhase;
			buildActionMask = 2147483647;
			files = (
			);
			runOnlyForDeploymentPostprocessing = 0;
		};
/* End PBXFrameworksBuildPhase section */

/* Begin PBXGroup section */
		7D5EF3EC21112AFB00D57C86 = {
			isa = PBXGroup;
			children = (
				7D5EF3F721112AFB00D57C86 /* Flix */,
				7D5EF40C21112AFF00D57C86 /* FlixTests */,
				7D5EF41721112AFF00D57C86 /* FlixUITests */,
				7D5EF3F621112AFB00D57C86 /* Products */,
			);
			sourceTree = "<group>";
		};
		7D5EF3F621112AFB00D57C86 /* Products */ = {
			isa = PBXGroup;
			children = (
				7D5EF3F521112AFB00D57C86 /* Flix.app */,
				7D5EF40921112AFF00D57C86 /* FlixTests.xctest */,
				7D5EF41421112AFF00D57C86 /* FlixUITests.xctest */,
			);
			name = Products;
			sourceTree = "<group>";
		};
		7D5EF3F721112AFB00D57C86 /* Flix */ = {
			isa = PBXGroup;
			children = (
				7D5EF3F821112AFC00D57C86 /* AppDelegate.swift */,
				7D5EF3FA21112AFC00D57C86 /* ViewController.swift */,
				7D5EF3FC21112AFC00D57C86 /* Main.storyboard */,
				7D5EF3FF21112AFE00D57C86 /* Assets.xcassets */,
				7D5EF40121112AFE00D57C86 /* LaunchScreen.storyboard */,
				7D5EF40421112AFF00D57C86 /* Info.plist */,
			);
			path = Flix;
			sourceTree = "<group>";
		};
		7D5EF40C21112AFF00D57C86 /* FlixTests */ = {
			isa = PBXGroup;
			children = (
				7D5EF40D21112AFF00D57C86 /* FlixTests.swift */,
				7D5EF40F21112AFF00D57C86 /* Info.plist */,
			);
			path = FlixTests;
			sourceTree = "<group>";
		};
		7D5EF41721112AFF00D57C86 /* FlixUITests */ = {
			isa = PBXGroup;
			children = (
				7D5EF41821112AFF00D57C86 /* FlixUITests.swift */,
				7D5EF41A21112AFF00D57C86 /* Info.plist */,
			);
			path = FlixUITests;
			sourceTree = "<group>";
		};
/* End PBXGroup section */

/* Begin PBXNativeTarget section */
		7D5EF3F421112AFB00D57C86 /* Flix */ = {
			isa = PBXNativeTarget;
			buildConfigurationList = 7D5EF41D21112AFF00D57C86 /* Build configuration list for PBXNativeTarget "Flix" */;
			buildPhases = (
				7D5EF3F121112AFB00D57C86 /* Sources */,
				7D5EF3F221112AFB00D57C86 /* Frameworks */,
				7D5EF3F321112AFB00D57C86 /* Resources */,
			);
			buildRules = (
			);
			dependencies = (
			);
			name = Flix;
			productName = Flix;
			productReference = 7D5EF3F521112AFB00D57C86 /* Flix.app */;
			productType = "com.apple.product-type.application";
		};
		7D5EF40821112AFF00D57C86 /* FlixTests */ = {
			isa = PBXNativeTarget;
			buildConfigurationList = 7D5EF42021112AFF00D57C86 /* Build configuration list for PBXNativeTarget "FlixTests" */;
			buildPhases = (
				7D5EF40521112AFF00D57C86 /* Sources */,
				7D5EF40621112AFF00D57C86 /* Frameworks */,
				7D5EF40721112AFF00D57C86 /* Resources */,
			);
			buildRules = (
			);
			dependencies = (
				7D5EF40B21112AFF00D57C86 /* PBXTargetDependency */,
			);
			name = FlixTests;
			productName = FlixTests;
			productReference = 7D5EF40921112AFF00D57C86 /* FlixTests.xctest */;
			productType = "com.apple.product-type.bundle.unit-test";
		};
		7D5EF41321112AFF00D57C86 /* FlixUITests */ = {
			isa = PBXNativeTarget;
			buildConfigurationList = 7D5EF42321112AFF00D57C86 /* Build configuration list for PBXNativeTarget "FlixUITests" */;
			buildPhases = (
				7D5EF41021112AFF00D57C86 /* Sources */,
				7D5EF41121112AFF00D57C86 /* Frameworks */,
				7D5EF41221112AFF00D57C86 /* Resources */,
			);
			buildRules = (
			);
			dependencies = (
				7D5EF41621112AFF00D57C86 /* PBXTargetDependency */,
			);
			name = FlixUITests;
			productName = FlixUITests;
			productReference = 7D5EF41421112AFF00D57C86 /* FlixUITests.xctest */;
			productType = "com.apple.product-type.bundle.ui-testing";
		};
/* End PBXNativeTarget section */

/* Begin PBXProject section */
		7D5EF3ED21112AFB00D57C86 /* Project object */ = {
			isa = PBXProject;
			attributes = {
				LastSwiftUpdateCheck = 0940;
				LastUpgradeCheck = 0940;
				ORGANIZATIONNAME = notserpp;
				TargetAttributes = {
					7D5EF3F421112AFB00D57C86 = {
						CreatedOnToolsVersion = 9.4.1;
					};
					7D5EF40821112AFF00D57C86 = {
						CreatedOnToolsVersion = 9.4.1;
						TestTargetID = 7D5EF3F421112AFB00D57C86;
					};
					7D5EF41321112AFF00D57C86 = {
						CreatedOnToolsVersion = 9.4.1;
						TestTargetID = 7D5EF3F421112AFB00D57C86;
					};
				};
			};
			buildConfigurationList = 7D5EF3F021112AFB00D57C86 /* Build configuration list for PBXProject "Flix" */;
			compatibilityVersion = "Xcode 9.3";
			developmentRegion = en;
			hasScannedForEncodings = 0;
			knownRegions = (
				en,
				Base,
			);
			mainGroup = 7D5EF3EC21112AFB00D57C86;
			productRefGroup = 7D5EF3F621112AFB00D57C86 /* Products */;
			projectDirPath = "";
			projectRoot = "";
			targets = (
				7D5EF3F421112AFB00D57C86 /* Flix */,
				7D5EF40821112AFF00D57C86 /* FlixTests */,
				7D5EF41321112AFF00D57C86 /* FlixUITests */,
			);
		};
/* End PBXProject section */

/* Begin PBXResourcesBuildPhase section */
		7D5EF3F321112AFB00D57C86 /* Resources */ = {
			isa = PBXResourcesBuildPhase;
			buildActionMask = 2147483647;
			files = (
				7D5EF40321112AFE00D57C86 /* LaunchScreen.storyboard in Resources */,
				7D5EF40021112AFE00D57C86 /* Assets.xcassets in Resources */,
				7D5EF3FE21112AFC00D57C86 /* Main.storyboard in Resources */,
			);
			runOnlyForDeploymentPostprocessing = 0;
		};
		7D5EF40721112AFF00D57C86 /* Resources */ = {
			isa = PBXResourcesBuildPhase;
			buildActionMask = 2147483647;
			files = (
			);
			runOnlyForDeploymentPostprocessing = 0;
		};
		7D5EF41221112AFF00D57C86 /* Resources */ = {
			isa = PBXResourcesBuildPhase;
			buildActionMask = 2147483647;
			files = (
			);
			runOnlyForDeploymentPostprocessing = 0;
		};
/* End PBXResourcesBuildPhase section */

/* Begin PBXSourcesBuildPhase section */
		7D5EF3F121112AFB00D57C86 /* Sources */ = {
			isa = PBXSourcesBuildPhase;
			buildActionMask = 2147483647;
			files = (
				7D5EF3FB21112AFC00D57C86 /* ViewController.swift in Sources */,
				7D5EF3F921112AFC00D57C86 /* AppDelegate.swift in Sources */,
			);
			runOnlyForDeploymentPostprocessing = 0;
		};
		7D5EF40521112AFF00D57C86 /* Sources */ = {
			isa = PBXSourcesBuildPhase;
			buildActionMask = 2147483647;
			files = (
				7D5EF40E21112AFF00D57C86 /* FlixTests.swift in Sources */,
			);
			runOnlyForDeploymentPostprocessing = 0;
		};
		7D5EF41021112AFF00D57C86 /* Sources */ = {
			isa = PBXSourcesBuildPhase;
			buildActionMask = 2147483647;
			files = (
				7D5EF41921112AFF00D57C86 /* FlixUITests.swift in Sources */,
			);
			runOnlyForDeploymentPostprocessing = 0;
		};
/* End PBXSourcesBuildPhase section */

/* Begin PBXTargetDependency section */
		7D5EF40B21112AFF00D57C86 /* PBXTargetDependency */ = {
			isa = PBXTargetDependency;
			target = 7D5EF3F421112AFB00D57C86 /* Flix */;
			targetProxy = 7D5EF40A21112AFF00D57C86 /* PBXContainerItemProxy */;
		};
		7D5EF41621112AFF00D57C86 /* PBXTargetDependency */ = {
			isa = PBXTargetDependency;
			target = 7D5EF3F421112AFB00D57C86 /* Flix */;
			targetProxy = 7D5EF41521112AFF00D57C86 /* PBXContainerItemProxy */;
		};
/* End PBXTargetDependency section */

/* Begin PBXVariantGroup section */
		7D5EF3FC21112AFC00D57C86 /* Main.storyboard */ = {
			isa = PBXVariantGroup;
			children = (
				7D5EF3FD21112AFC00D57C86 /* Base */,
			);
			name = Main.storyboard;
			sourceTree = "<group>";
		};
		7D5EF40121112AFE00D57C86 /* LaunchScreen.storyboard */ = {
			isa = PBXVariantGroup;
			children = (
				7D5EF40221112AFE00D57C86 /* Base */,
			);
			name = LaunchScreen.storyboard;
			sourceTree = "<group>";
		};
/* End PBXVariantGroup section */

/* Begin XCBuildConfiguration section */
		7D5EF41B21112AFF00D57C86 /* Debug */ = {
			isa = XCBuildConfiguration;
			buildSettings = {
				ALWAYS_SEARCH_USER_PATHS = NO;
				CLANG_ANALYZER_NONNULL = YES;
				CLANG_ANALYZER_NUMBER_OBJECT_CONVERSION = YES_AGGRESSIVE;
				CLANG_CXX_LANGUAGE_STANDARD = "gnu++14";
				CLANG_CXX_LIBRARY = "libc++";
				CLANG_ENABLE_MODULES = YES;
				CLANG_ENABLE_OBJC_ARC = YES;
				CLANG_ENABLE_OBJC_WEAK = YES;
				CLANG_WARN_BLOCK_CAPTURE_AUTORELEASING = YES;
				CLANG_WARN_BOOL_CONVERSION = YES;
				CLANG_WARN_COMMA = YES;
				CLANG_WARN_CONSTANT_CONVERSION = YES;
				CLANG_WARN_DEPRECATED_OBJC_IMPLEMENTATIONS = YES;
				CLANG_WARN_DIRECT_OBJC_ISA_USAGE = YES_ERROR;
				CLANG_WARN_DOCUMENTATION_COMMENTS = YES;
				CLANG_WARN_EMPTY_BODY = YES;
				CLANG_WARN_ENUM_CONVERSION = YES;
				CLANG_WARN_INFINITE_RECURSION = YES;
				CLANG_WARN_INT_CONVERSION = YES;
				CLANG_WARN_NON_LITERAL_NULL_CONVERSION = YES;
				CLANG_WARN_OBJC_IMPLICIT_RETAIN_SELF = YES;
				CLANG_WARN_OBJC_LITERAL_CONVERSION = YES;
				CLANG_WARN_OBJC_ROOT_CLASS = YES_ERROR;
				CLANG_WARN_RANGE_LOOP_ANALYSIS = YES;
				CLANG_WARN_STRICT_PROTOTYPES = YES;
				CLANG_WARN_SUSPICIOUS_MOVE = YES;
				CLANG_WARN_UNGUARDED_AVAILABILITY = YES_AGGRESSIVE;
				CLANG_WARN_UNREACHABLE_CODE = YES;
				CLANG_WARN__DUPLICATE_METHOD_MATCH = YES;
				CODE_SIGN_IDENTITY = "iPhone Developer";
				COPY_PHASE_STRIP = NO;
				DEBUG_INFORMATION_FORMAT = dwarf;
				ENABLE_STRICT_OBJC_MSGSEND = YES;
				ENABLE_TESTABILITY = YES;
				GCC_C_LANGUAGE_STANDARD = gnu11;
				GCC_DYNAMIC_NO_PIC = NO;
				GCC_NO_COMMON_BLOCKS = YES;
				GCC_OPTIMIZATION_LEVEL = 0;
				GCC_PREPROCESSOR_DEFINITIONS = (
					"DEBUG=1",
					"$(inherited)",
				);
				GCC_WARN_64_TO_32_BIT_CONVERSION = YES;
				GCC_WARN_ABOUT_RETURN_TYPE = YES_ERROR;
				GCC_WARN_UNDECLARED_SELECTOR = YES;
				GCC_WARN_UNINITIALIZED_AUTOS = YES_AGGRESSIVE;
				GCC_WARN_UNUSED_FUNCTION = YES;
				GCC_WARN_UNUSED_VARIABLE = YES;
				IPHONEOS_DEPLOYMENT_TARGET = 11.4;
				MTL_ENABLE_DEBUG_INFO = YES;
				ONLY_ACTIVE_ARCH = YES;
				SDKROOT = iphoneos;
				SWIFT_ACTIVE_COMPILATION_CONDITIONS = DEBUG;
				SWIFT_OPTIMIZATION_LEVEL = "-Onone";
			};
			name = Debug;
		};
		7D5EF41C21112AFF00D57C86 /* Release */ = {
			isa = XCBuildConfiguration;
			buildSettings = {
				ALWAYS_SEARCH_USER_PATHS = NO;
				CLANG_ANALYZER_NONNULL = YES;
				CLANG_ANALYZER_NUMBER_OBJECT_CONVERSION = YES_AGGRESSIVE;
				CLANG_CXX_LANGUAGE_STANDARD = "gnu++14";
				CLANG_CXX_LIBRARY = "libc++";
				CLANG_ENABLE_MODULES = YES;
				CLANG_ENABLE_OBJC_ARC = YES;
				CLANG_ENABLE_OBJC_WEAK = YES;
				CLANG_WARN_BLOCK_CAPTURE_AUTORELEASING = YES;
				CLANG_WARN_BOOL_CONVERSION = YES;
				CLANG_WARN_COMMA = YES;
				CLANG_WARN_CONSTANT_CONVERSION = YES;
				CLANG_WARN_DEPRECATED_OBJC_IMPLEMENTATIONS = YES;
				CLANG_WARN_DIRECT_OBJC_ISA_USAGE = YES_ERROR;
				CLANG_WARN_DOCUMENTATION_COMMENTS = YES;
				CLANG_WARN_EMPTY_BODY = YES;
				CLANG_WARN_ENUM_CONVERSION = YES;
				CLANG_WARN_INFINITE_RECURSION = YES;
				CLANG_WARN_INT_CONVERSION = YES;
				CLANG_WARN_NON_LITERAL_NULL_CONVERSION = YES;
				CLANG_WARN_OBJC_IMPLICIT_RETAIN_SELF = YES;
				CLANG_WARN_OBJC_LITERAL_CONVERSION = YES;
				CLANG_WARN_OBJC_ROOT_CLASS = YES_ERROR;
				CLANG_WARN_RANGE_LOOP_ANALYSIS = YES;
				CLANG_WARN_STRICT_PROTOTYPES = YES;
				CLANG_WARN_SUSPICIOUS_MOVE = YES;
				CLANG_WARN_UNGUARDED_AVAILABILITY = YES_AGGRESSIVE;
				CLANG_WARN_UNREACHABLE_CODE = YES;
				CLANG_WARN__DUPLICATE_METHOD_MATCH = YES;
				CODE_SIGN_IDENTITY = "iPhone Developer";
				COPY_PHASE_STRIP = NO;
				DEBUG_INFORMATION_FORMAT = "dwarf-with-dsym";
				ENABLE_NS_ASSERTIONS = NO;
				ENABLE_STRICT_OBJC_MSGSEND = YES;
				GCC_C_LANGUAGE_STANDARD = gnu11;
				GCC_NO_COMMON_BLOCKS = YES;
				GCC_WARN_64_TO_32_BIT_CONVERSION = YES;
				GCC_WARN_ABOUT_RETURN_TYPE = YES_ERROR;
				GCC_WARN_UNDECLARED_SELECTOR = YES;
				GCC_WARN_UNINITIALIZED_AUTOS = YES_AGGRESSIVE;
				GCC_WARN_UNUSED_FUNCTION = YES;
				GCC_WARN_UNUSED_VARIABLE = YES;
				IPHONEOS_DEPLOYMENT_TARGET = 11.4;
				MTL_ENABLE_DEBUG_INFO = NO;
				SDKROOT = iphoneos;
				SWIFT_COMPILATION_MODE = wholemodule;
				SWIFT_OPTIMIZATION_LEVEL = "-O";
				VALIDATE_PRODUCT = YES;
			};
			name = Release;
		};
		7D5EF41E21112AFF00D57C86 /* Debug */ = {
			isa = XCBuildConfiguration;
			buildSettings = {
				ASSETCATALOG_COMPILER_APPICON_NAME = AppIcon;
				CODE_SIGN_STYLE = Automatic;
				INFOPLIST_FILE = Flix/Info.plist;
				LD_RUNPATH_SEARCH_PATHS = (
					"$(inherited)",
					"@executable_path/Frameworks",
				);
				PRODUCT_BUNDLE_IDENTIFIER = CodePath.Flix;
				PRODUCT_NAME = "$(TARGET_NAME)";
				SWIFT_VERSION = 4.0;
				TARGETED_DEVICE_FAMILY = "1,2";
			};
			name = Debug;
		};
		7D5EF41F21112AFF00D57C86 /* Release */ = {
			isa = XCBuildConfiguration;
			buildSettings = {
				ASSETCATALOG_COMPILER_APPICON_NAME = AppIcon;
				CODE_SIGN_STYLE = Automatic;
				INFOPLIST_FILE = Flix/Info.plist;
				LD_RUNPATH_SEARCH_PATHS = (
					"$(inherited)",
					"@executable_path/Frameworks",
				);
				PRODUCT_BUNDLE_IDENTIFIER = CodePath.Flix;
				PRODUCT_NAME = "$(TARGET_NAME)";
				SWIFT_VERSION = 4.0;
				TARGETED_DEVICE_FAMILY = "1,2";
			};
			name = Release;
		};
		7D5EF42121112AFF00D57C86 /* Debug */ = {
			isa = XCBuildConfiguration;
			buildSettings = {
				ALWAYS_EMBED_SWIFT_STANDARD_LIBRARIES = YES;
				BUNDLE_LOADER = "$(TEST_HOST)";
				CODE_SIGN_STYLE = Automatic;
				INFOPLIST_FILE = FlixTests/Info.plist;
				LD_RUNPATH_SEARCH_PATHS = (
					"$(inherited)",
					"@executable_path/Frameworks",
					"@loader_path/Frameworks",
				);
				PRODUCT_BUNDLE_IDENTIFIER = CodePath.FlixTests;
				PRODUCT_NAME = "$(TARGET_NAME)";
				SWIFT_VERSION = 4.0;
				TARGETED_DEVICE_FAMILY = "1,2";
				TEST_HOST = "$(BUILT_PRODUCTS_DIR)/Flix.app/Flix";
			};
			name = Debug;
		};
		7D5EF42221112AFF00D57C86 /* Release */ = {
			isa = XCBuildConfiguration;
			buildSettings = {
				ALWAYS_EMBED_SWIFT_STANDARD_LIBRARIES = YES;
				BUNDLE_LOADER = "$(TEST_HOST)";
				CODE_SIGN_STYLE = Automatic;
				INFOPLIST_FILE = FlixTests/Info.plist;
				LD_RUNPATH_SEARCH_PATHS = (
					"$(inherited)",
					"@executable_path/Frameworks",
					"@loader_path/Frameworks",
				);
				PRODUCT_BUNDLE_IDENTIFIER = CodePath.FlixTests;
				PRODUCT_NAME = "$(TARGET_NAME)";
				SWIFT_VERSION = 4.0;
				TARGETED_DEVICE_FAMILY = "1,2";
				TEST_HOST = "$(BUILT_PRODUCTS_DIR)/Flix.app/Flix";
			};
			name = Release;
		};
		7D5EF42421112AFF00D57C86 /* Debug */ = {
			isa = XCBuildConfiguration;
			buildSettings = {
				ALWAYS_EMBED_SWIFT_STANDARD_LIBRARIES = YES;
				CODE_SIGN_STYLE = Automatic;
				INFOPLIST_FILE = FlixUITests/Info.plist;
				LD_RUNPATH_SEARCH_PATHS = (
					"$(inherited)",
					"@executable_path/Frameworks",
					"@loader_path/Frameworks",
				);
				PRODUCT_BUNDLE_IDENTIFIER = CodePath.FlixUITests;
				PRODUCT_NAME = "$(TARGET_NAME)";
				SWIFT_VERSION = 4.0;
				TARGETED_DEVICE_FAMILY = "1,2";
				TEST_TARGET_NAME = Flix;
			};
			name = Debug;
		};
		7D5EF42521112AFF00D57C86 /* Release */ = {
			isa = XCBuildConfiguration;
			buildSettings = {
				ALWAYS_EMBED_SWIFT_STANDARD_LIBRARIES = YES;
				CODE_SIGN_STYLE = Automatic;
				INFOPLIST_FILE = FlixUITests/Info.plist;
				LD_RUNPATH_SEARCH_PATHS = (
					"$(inherited)",
					"@executable_path/Frameworks",
					"@loader_path/Frameworks",
				);
				PRODUCT_BUNDLE_IDENTIFIER = CodePath.FlixUITests;
				PRODUCT_NAME = "$(TARGET_NAME)";
				SWIFT_VERSION = 4.0;
				TARGETED_DEVICE_FAMILY = "1,2";
				TEST_TARGET_NAME = Flix;
			};
			name = Release;
		};
/* End XCBuildConfiguration section */

/* Begin XCConfigurationList section */
		7D5EF3F021112AFB00D57C86 /* Build configuration list for PBXProject "Flix" */ = {
			isa = XCConfigurationList;
			buildConfigurations = (
				7D5EF41B21112AFF00D57C86 /* Debug */,
				7D5EF41C21112AFF00D57C86 /* Release */,
			);
			defaultConfigurationIsVisible = 0;
			defaultConfigurationName = Release;
		};
		7D5EF41D21112AFF00D57C86 /* Build configuration list for PBXNativeTarget "Flix" */ = {
			isa = XCConfigurationList;
			buildConfigurations = (
				7D5EF41E21112AFF00D57C86 /* Debug */,
				7D5EF41F21112AFF00D57C86 /* Release */,
			);
			defaultConfigurationIsVisible = 0;
			defaultConfigurationName = Release;
		};
		7D5EF42021112AFF00D57C86 /* Build configuration list for PBXNativeTarget "FlixTests" */ = {
			isa = XCConfigurationList;
			buildConfigurations = (
				7D5EF42121112AFF00D57C86 /* Debug */,
				7D5EF42221112AFF00D57C86 /* Release */,
			);
			defaultConfigurationIsVisible = 0;
			defaultConfigurationName = Release;
		};
		7D5EF42321112AFF00D57C86 /* Build configuration list for PBXNativeTarget "FlixUITests" */ = {
			isa = XCConfigurationList;
			buildConfigurations = (
				7D5EF42421112AFF00D57C86 /* Debug */,
				7D5EF42521112AFF00D57C86 /* Release */,
			);
			defaultConfigurationIsVisible = 0;
			defaultConfigurationName = Release;
		};
/* End XCConfigurationList section */
	};
	rootObject = 7D5EF3ED21112AFB00D57C86 /* Project object */;
}
